
Microsoft Visual Studio Solution File, Format Version 12.00
# Visual Studio Version 17
VisualStudioVersion = 17.6.33801.468
MinimumVisualStudioVersion = 10.0.40219.1
Project("{9A19103F-16F7-4668-BE54-9A1E7A4F7556}") = "GymManager.Web", "GymManager.Web\GymManager.Web.csproj", "{309FD209-5EDA-40C1-B8F3-B7CDBF12005C}"
EndProject
Project("{9A19103F-16F7-4668-BE54-9A1E7A4F7556}") = "GymManager.ApplicationServices", "GymManager.ApplicationServices\GymManager.ApplicationServices.csproj", "{7D668CD8-B79C-4513-83F4-E77B2EABBD16}"
EndProject
Project("{9A19103F-16F7-4668-BE54-9A1E7A4F7556}") = "GymManager.Core", "GymManager.Core\GymManager.Core.csproj", "{FA6F8EBB-B432-4440-9CE6-9A856CFB2DD5}"
EndProject
Project("{9A19103F-16F7-4668-BE54-9A1E7A4F7556}") = "GymManager.DataAccess", "GymManager.DataAccess\GymManager.DataAccess.csproj", "{DC7C380C-3789-4BC5-8275-720F601757B4}"
EndProject
Project("{FAE04EC0-301F-11D3-BF4B-00C04F79EFBC}") = "GymManager.Report.Design", "GymManager.Report.Design\GymManager.Report.Design.csproj", "{B63C8715-4B80-410D-A523-8AB360B0583F}"
EndProject
Global
	GlobalSection(SolutionConfigurationPlatforms) = preSolution
		Debug|Any CPU = Debug|Any CPU
		Release|Any CPU = Release|Any CPU
	EndGlobalSection
	GlobalSection(ProjectConfigurationPlatforms) = postSolution
		{309FD209-5EDA-40C1-B8F3-B7CDBF12005C}.Debug|Any CPU.ActiveCfg = Debug|Any CPU
		{309FD209-5EDA-40C1-B8F3-B7CDBF12005C}.Debug|Any CPU.Build.0 = Debug|Any CPU
		{309FD209-5EDA-40C1-B8F3-B7CDBF12005C}.Release|Any CPU.ActiveCfg = Release|Any CPU
		{309FD209-5EDA-40C1-B8F3-B7CDBF12005C}.Release|Any CPU.Build.0 = Release|Any CPU
		{7D668CD8-B79C-4513-83F4-E77B2EABBD16}.Debug|Any CPU.ActiveCfg = Debug|Any CPU
		{7D668CD8-B79C-4513-83F4-E77B2EABBD16}.Debug|Any CPU.Build.0 = Debug|Any CPU
		{7D668CD8-B79C-4513-83F4-E77B2EABBD16}.Release|Any CPU.ActiveCfg = Release|Any CPU
		{7D668CD8-B79C-4513-83F4-E77B2EABBD16}.Release|Any CPU.Build.0 = Release|Any CPU
		{FA6F8EBB-B432-4440-9CE6-9A856CFB2DD5}.Debug|Any CPU.ActiveCfg = Debug|Any CPU
		{FA6F8EBB-B432-4440-9CE6-9A856CFB2DD5}.Debug|Any CPU.Build.0 = Debug|Any CPU
		{FA6F8EBB-B432-4440-9CE6-9A856CFB2DD5}.Release|Any CPU.ActiveCfg = Release|Any CPU
		{FA6F8EBB-B432-4440-9CE6-9A856CFB2DD5}.Release|Any CPU.Build.0 = Release|Any CPU
		{DC7C380C-3789-4BC5-8275-720F601757B4}.Debug|Any CPU.ActiveCfg = Debug|Any CPU
		{DC7C380C-3789-4BC5-8275-720F601757B4}.Debug|Any CPU.Build.0 = Debug|Any CPU
		{DC7C380C-3789-4BC5-8275-720F601757B4}.Release|Any CPU.ActiveCfg = Release|Any CPU
		{DC7C380C-3789-4BC5-8275-720F601757B4}.Release|Any CPU.Build.0 = Release|Any CPU
		{B63C8715-4B80-410D-A523-8AB360B0583F}.Debug|Any CPU.ActiveCfg = Debug|Any CPU
		{B63C8715-4B80-410D-A523-8AB360B0583F}.Debug|Any CPU.Build.0 = Debug|Any CPU
		{B63C8715-4B80-410D-A523-8AB360B0583F}.Release|Any CPU.ActiveCfg = Release|Any CPU
		{B63C8715-4B80-410D-A523-8AB360B0583F}.Release|Any CPU.Build.0 = Release|Any CPU
	EndGlobalSection
	GlobalSection(SolutionProperties) = preSolution
		HideSolutionNode = FALSE
	EndGlobalSection
	GlobalSection(ExtensibilityGlobals) = postSolution
		SolutionGuid = {55F3A263-A4D3-455A-96CA-3E25165E20CB}
	EndGlobalSection
EndGlobal
